# This file is automatically @generated by Poetry 1.5.4 and should not be changed by hand.

[[package]]
name = "asmlib"
version = "2.2.0"
description = "Tooling package for the computer architecture course at Graz University of Technology."
optional = false
python-versions = ">=3.5"
files = [
    {file = "asmlib-2.2.0-py3-none-any.whl", hash = "sha256:e17fcec059937ec3f07981ec92c621dff57f2934d79efc9655ab561e6c8331b3"},
    {file = "asmlib-2.2.0.tar.gz", hash = "sha256:c5b8d57343cded4aab723329bebd02fe614e1d8ce232c026f0ccab8d02b34e0e"},
]

[package.extras]
documentation = ["sphinx", "sphinx-autodoc-typehints"]

[metadata]
lock-version = "2.0"
python-versions = ">=3.10.0,<3.12"
content-hash = "bf667c401ac12734ec8bf29f2655dc901f84e4b059fa94ff20df008d7786d23a"
